PODS:
  - Alamofire (5.6.4)
  - Cache (6.0.0)
  - CocoaAsyncSocket (7.6.5)
  - GTMBase64 (1.0.1)
  - KeychainAccess (4.2.2)
  - lottie-ios (4.1.3)
  - MBProgressHUD (1.2.0)
  - MJRefresh (3.7.5)
  - Moya (15.0.0):
    - Moya/Core (= 15.0.0)
  - Moya/Core (15.0.0):
    - Alamofire (~> 5.0)
  - MTPower (0.3.0):
    - MTPower/Algorithm (= 0.3.0)
    - MTPower/Basic (= 0.3.0)
    - MTPower/Device (= 0.3.0)
    - MTPower/Download (= 0.3.0)
    - MTPower/Extensions (= 0.3.0)
    - MTPower/HUD (= 0.3.0)
    - MTPower/ImagePicker (= 0.3.0)
    - MTPower/Request (= 0.3.0)
    - MTPower/Utils (= 0.3.0)
    - MTPower/Widgets (= 0.3.0)
  - MTPower/Algorithm (0.3.0):
    - GTMBase64
  - MTPower/Basic (0.3.0)
  - MTPower/Device (0.3.0):
    - KeychainAccess (~> 4.2.1)
    - MTPower/Basic
  - MTPower/Download (0.3.0):
    - RealmSwift
    - SJMediaCacheServer
    - SJUIKit/SQLite3
  - MTPower/Extensions (0.3.0)
  - MTPower/HUD (0.3.0):
    - lottie-ios
    - MBProgressHUD
  - MTPower/ImagePicker (0.3.0):
    - MTPower/Extensions
    - SnapKit
  - MTPower/Request (0.3.0):
    - Cache
    - Moya (~> 15.0)
    - MTPower/Algorithm
    - MTPower/Basic
    - MTPower/Device
    - MTPower/HUD
  - MTPower/Utils (0.3.0):
    - MJRefresh
    - MTPower/Basic
    - RealmSwift
  - MTPower/Widgets (0.3.0):
    - MTPower/Basic
    - MTPower/Device
    - MTPower/Extensions
    - SnapKit
  - Realm (10.38.0):
    - Realm/Headers (= 10.38.0)
  - Realm/Headers (10.38.0)
  - RealmSwift (10.38.0):
    - Realm (= 10.38.0)
  - SJMediaCacheServer (1.7.8):
    - SJMediaCacheServer/Core (= 1.7.8)
    - SJMediaCacheServer/KTVCocoaHTTPServer (= 1.7.8)
    - SJUIKit/SQLite3
  - SJMediaCacheServer/Core (1.7.8):
    - SJMediaCacheServer/KTVCocoaHTTPServer
    - SJUIKit/SQLite3
  - SJMediaCacheServer/KTVCocoaHTTPServer (1.7.8):
    - CocoaAsyncSocket
    - SJUIKit/SQLite3
  - SJUIKit/SQLite3 (0.0.0.59):
    - SJUIKit/SQLite3/Core (= 0.0.0.59)
    - SJUIKit/SQLite3/Protocol (= 0.0.0.59)
    - YYModel
  - SJUIKit/SQLite3/Core (0.0.0.59):
    - SJUIKit/SQLite3/Protocol
    - YYModel
  - SJUIKit/SQLite3/Protocol (0.0.0.59):
    - YYModel
  - SnapKit (5.6.0)
  - YYModel (1.0.4)

DEPENDENCIES:
  - MTPower (from `../`)

SPEC REPOS:
  trunk:
    - Alamofire
    - Cache
    - CocoaAsyncSocket
    - GTMBase64
    - KeychainAccess
    - lottie-ios
    - MBProgressHUD
    - MJRefresh
    - Moya
    - Realm
    - RealmSwift
    - SJMediaCacheServer
    - SJUIKit
    - SnapKit
    - YYModel

EXTERNAL SOURCES:
  MTPower:
    :path: "../"

SPEC CHECKSUMS:
  Alamofire: 4e95d97098eacb88856099c4fc79b526a299e48c
  Cache: 4ca7e00363fca5455f26534e5607634c820ffc2d
  CocoaAsyncSocket: 065fd1e645c7abab64f7a6a2007a48038fdc6a99
  GTMBase64: f0f91be06a7a20b84c8e4fee30c0430395091d82
  KeychainAccess: c0c4f7f38f6fc7bbe58f5702e25f7bd2f65abf51
  lottie-ios: d0954d3150061f662ed0adf96ef98d7421864c47
  MBProgressHUD: 3ee5efcc380f6a79a7cc9b363dd669c5e1ae7406
  MJRefresh: fdf5e979eb406a0341468932d1dfc8b7f9fce961
  Moya: 138f0573e53411fb3dc17016add0b748dfbd78ee
  MTPower: 95b5dd0dff4afc55a66676606d03c4dedf678926
  Realm: 5902885dd1d5e71b0b020830caab937ecdf5bf07
  RealmSwift: 0fc037d6c32c7c4fc9362892380f380114ecdcf0
  SJMediaCacheServer: 95bebce42f281fccaff25a5e8284022478ff7ba5
  SJUIKit: a40111941e408cc17d4c1c23495aa92999e814b0
  SnapKit: e01d52ebb8ddbc333eefe2132acf85c8227d9c25
  YYModel: 2a7fdd96aaa4b86a824e26d0c517de8928c04b30

PODFILE CHECKSUM: 2c46f29e1118177c2d8fdcca8ec98cbf4f3f808c

COCOAPODS: 1.12.0
