PODS:
  - Alamofire (5.6.2)
  - BaiduBCEPlayerFull (3.5.0)
  - Cache (6.0.0)
  - CocoaAsyncSocket (7.6.5)
  - GTMBase64 (1.0.1)
  - KeychainAccess (4.2.2)
  - lottie-ios (3.5.0)
  - MBProgressHUD (1.2.0)
  - MJRefresh (3.7.5)
  - Moya (15.0.0):
    - Moya/Core (= 15.0.0)
  - Moya/Core (15.0.0):
    - Alamofire (~> 5.0)
  - MTPower (0.2.5):
    - MTPower/Basic (= 0.2.5)
    - MTPower/Download (= 0.2.5)
    - MTPower/Extensions (= 0.2.5)
    - MTPower/HUD (= 0.2.5)
    - MTPower/ImagePicker (= 0.2.5)
    - MTPower/Player (= 0.2.5)
    - MTPower/Request (= 0.2.5)
    - MTPower/Utils (= 0.2.5)
    - MTPower/Widgets (= 0.2.5)
  - MTPower/Basic (0.2.5):
    - KeychainAccess (~> 4.2.1)
  - MTPower/Download (0.2.5):
    - RealmSwift
    - SJMediaCacheServer
    - SJUIKit/SQLite3
  - MTPower/Extensions (0.2.5)
  - MTPower/HUD (0.2.5):
    - lottie-ios
    - MBProgressHUD
  - MTPower/ImagePicker (0.2.5):
    - MTPower/Extensions
    - SnapKit
  - MTPower/Player (0.2.5):
    - BaiduBCEPlayerFull (~> 3.5.0)
    - MTPower/Basic
    - MTPower/Extensions
    - MTPower/HUD
    - MTPower/Widgets
    - SJMediaCacheServer
    - SJUIKit/SQLite3
    - SnapKit
  - MTPower/Request (0.2.5):
    - Cache
    - GTMBase64
    - Moya (~> 15.0)
    - MTPower/Basic
    - MTPower/HUD
  - MTPower/Utils (0.2.5):
    - MJRefresh
    - MTPower/Basic
    - RealmSwift
  - MTPower/Widgets (0.2.5):
    - MTPower/Basic
    - MTPower/Extensions
    - SnapKit
  - Realm (10.32.1):
    - Realm/Headers (= 10.32.1)
  - Realm/Headers (10.32.1)
  - RealmSwift (10.32.1):
    - Realm (= 10.32.1)
  - SJMediaCacheServer (1.7.8):
    - SJMediaCacheServer/Core (= 1.7.8)
    - SJMediaCacheServer/KTVCocoaHTTPServer (= 1.7.8)
    - SJUIKit/SQLite3
  - SJMediaCacheServer/Core (1.7.8):
    - SJMediaCacheServer/KTVCocoaHTTPServer
    - SJUIKit/SQLite3
  - SJMediaCacheServer/KTVCocoaHTTPServer (1.7.8):
    - CocoaAsyncSocket
    - SJUIKit/SQLite3
  - SJUIKit/SQLite3 (0.0.0.59):
    - SJUIKit/SQLite3/Core (= 0.0.0.59)
    - SJUIKit/SQLite3/Protocol (= 0.0.0.59)
    - YYModel
  - SJUIKit/SQLite3/Core (0.0.0.59):
    - SJUIKit/SQLite3/Protocol
    - YYModel
  - SJUIKit/SQLite3/Protocol (0.0.0.59):
    - YYModel
  - SnapKit (5.6.0)
  - YYModel (1.0.4)

DEPENDENCIES:
  - MTPower (from `../`)

SPEC REPOS:
  trunk:
    - Alamofire
    - BaiduBCEPlayerFull
    - Cache
    - CocoaAsyncSocket
    - GTMBase64
    - KeychainAccess
    - lottie-ios
    - MBProgressHUD
    - MJRefresh
    - Moya
    - Realm
    - RealmSwift
    - SJMediaCacheServer
    - SJUIKit
    - SnapKit
    - YYModel

EXTERNAL SOURCES:
  MTPower:
    :path: "../"

SPEC CHECKSUMS:
  Alamofire: d368e1ff8a298e6dde360e35a3e68e6c610e7204
  BaiduBCEPlayerFull: e8126f66bbd99722acdfbe11f1abc70c8e472499
  Cache: 4ca7e00363fca5455f26534e5607634c820ffc2d
  CocoaAsyncSocket: 065fd1e645c7abab64f7a6a2007a48038fdc6a99
  GTMBase64: f0f91be06a7a20b84c8e4fee30c0430395091d82
  KeychainAccess: c0c4f7f38f6fc7bbe58f5702e25f7bd2f65abf51
  lottie-ios: c55158d67d0629a260625cc2ded2052b829e3c3e
  MBProgressHUD: 3ee5efcc380f6a79a7cc9b363dd669c5e1ae7406
  MJRefresh: fdf5e979eb406a0341468932d1dfc8b7f9fce961
  Moya: 138f0573e53411fb3dc17016add0b748dfbd78ee
  MTPower: 3fe23a4e3cea6d159d90c89faeec428cc71d9ef1
  Realm: fd821b81e5479be497cc5bca2e020f707d8323eb
  RealmSwift: 8635e4cc524790916d72b0ffa51c1a91f4ec9668
  SJMediaCacheServer: 95bebce42f281fccaff25a5e8284022478ff7ba5
  SJUIKit: a40111941e408cc17d4c1c23495aa92999e814b0
  SnapKit: e01d52ebb8ddbc333eefe2132acf85c8227d9c25
  YYModel: 2a7fdd96aaa4b86a824e26d0c517de8928c04b30

PODFILE CHECKSUM: aaf91384c6e3a953f0bb67b4e006c5d0d2c10fae

COCOAPODS: 1.12.0
